
Microsoft Visual Studio Solution File, Format Version 12.00
# Visual Studio Version 17
VisualStudioVersion = 17.0.32014.148
MinimumVisualStudioVersion = 10.0.40219.1
Project("{FAE04EC0-301F-11D3-BF4B-00C04F79EFBC}") = "PostNamazu", "PostNamazu\PostNamazu.csproj", "{6BCDC806-F8C8-441C-BD5A-A323D242D73F}"
EndProject
Project("{FAE04EC0-301F-11D3-BF4B-00C04F79EFBC}") = "PostNamazu.OverlayHoster", "PostNamazu.OverlayHoster\PostNamazu.OverlayHoster.csproj", "{B964706F-65EC-4A01-9467-7CDE1682CC6C}"
EndProject
Project("{FAE04EC0-301F-11D3-BF4B-00C04F79EFBC}") = "PostNamazu.TriggerHoster", "PostNamazu.TriggerHoster\PostNamazu.TriggerHoster.csproj", "{0FD4BE42-DA2C-4B92-8D16-89BAC0652DA9}"
EndProject
Global
	GlobalSection(SolutionConfigurationPlatforms) = preSolution
		Debug|Any CPU = Debug|Any CPU
		Debug|x64 = Debug|x64
		Debug|x86 = Debug|x86
		Release|Any CPU = Release|Any CPU
		Release|x64 = Release|x64
		Release|x86 = Release|x86
	EndGlobalSection
	GlobalSection(ProjectConfigurationPlatforms) = postSolution
		{6BCDC806-F8C8-441C-BD5A-A323D242D73F}.Debug|Any CPU.ActiveCfg = Debug|Any CPU
		{6BCDC806-F8C8-441C-BD5A-A323D242D73F}.Debug|Any CPU.Build.0 = Debug|Any CPU
		{6BCDC806-F8C8-441C-BD5A-A323D242D73F}.Debug|x64.ActiveCfg = Debug|Any CPU
		{6BCDC806-F8C8-441C-BD5A-A323D242D73F}.Debug|x64.Build.0 = Debug|Any CPU
		{6BCDC806-F8C8-441C-BD5A-A323D242D73F}.Debug|x86.ActiveCfg = Debug|Any CPU
		{6BCDC806-F8C8-441C-BD5A-A323D242D73F}.Debug|x86.Build.0 = Debug|Any CPU
		{6BCDC806-F8C8-441C-BD5A-A323D242D73F}.Release|Any CPU.ActiveCfg = Release|Any CPU
		{6BCDC806-F8C8-441C-BD5A-A323D242D73F}.Release|Any CPU.Build.0 = Release|Any CPU
		{6BCDC806-F8C8-441C-BD5A-A323D242D73F}.Release|x64.ActiveCfg = Release|Any CPU
		{6BCDC806-F8C8-441C-BD5A-A323D242D73F}.Release|x64.Build.0 = Release|Any CPU
		{6BCDC806-F8C8-441C-BD5A-A323D242D73F}.Release|x86.ActiveCfg = Release|Any CPU
		{6BCDC806-F8C8-441C-BD5A-A323D242D73F}.Release|x86.Build.0 = Release|Any CPU
		{B964706F-65EC-4A01-9467-7CDE1682CC6C}.Debug|Any CPU.ActiveCfg = Debug|Any CPU
		{B964706F-65EC-4A01-9467-7CDE1682CC6C}.Debug|Any CPU.Build.0 = Debug|Any CPU
		{B964706F-65EC-4A01-9467-7CDE1682CC6C}.Debug|x64.ActiveCfg = Debug|Any CPU
		{B964706F-65EC-4A01-9467-7CDE1682CC6C}.Debug|x64.Build.0 = Debug|Any CPU
		{B964706F-65EC-4A01-9467-7CDE1682CC6C}.Debug|x86.ActiveCfg = Debug|Any CPU
		{B964706F-65EC-4A01-9467-7CDE1682CC6C}.Debug|x86.Build.0 = Debug|Any CPU
		{B964706F-65EC-4A01-9467-7CDE1682CC6C}.Release|Any CPU.ActiveCfg = Release|Any CPU
		{B964706F-65EC-4A01-9467-7CDE1682CC6C}.Release|Any CPU.Build.0 = Release|Any CPU
		{B964706F-65EC-4A01-9467-7CDE1682CC6C}.Release|x64.ActiveCfg = Release|Any CPU
		{B964706F-65EC-4A01-9467-7CDE1682CC6C}.Release|x64.Build.0 = Release|Any CPU
		{B964706F-65EC-4A01-9467-7CDE1682CC6C}.Release|x86.ActiveCfg = Release|Any CPU
		{B964706F-65EC-4A01-9467-7CDE1682CC6C}.Release|x86.Build.0 = Release|Any CPU
		{0FD4BE42-DA2C-4B92-8D16-89BAC0652DA9}.Debug|Any CPU.ActiveCfg = Debug|Any CPU
		{0FD4BE42-DA2C-4B92-8D16-89BAC0652DA9}.Debug|Any CPU.Build.0 = Debug|Any CPU
		{0FD4BE42-DA2C-4B92-8D16-89BAC0652DA9}.Debug|x64.ActiveCfg = Debug|Any CPU
		{0FD4BE42-DA2C-4B92-8D16-89BAC0652DA9}.Debug|x64.Build.0 = Debug|Any CPU
		{0FD4BE42-DA2C-4B92-8D16-89BAC0652DA9}.Debug|x86.ActiveCfg = Debug|Any CPU
		{0FD4BE42-DA2C-4B92-8D16-89BAC0652DA9}.Debug|x86.Build.0 = Debug|Any CPU
		{0FD4BE42-DA2C-4B92-8D16-89BAC0652DA9}.Release|Any CPU.ActiveCfg = Release|Any CPU
		{0FD4BE42-DA2C-4B92-8D16-89BAC0652DA9}.Release|Any CPU.Build.0 = Release|Any CPU
		{0FD4BE42-DA2C-4B92-8D16-89BAC0652DA9}.Release|x64.ActiveCfg = Release|Any CPU
		{0FD4BE42-DA2C-4B92-8D16-89BAC0652DA9}.Release|x64.Build.0 = Release|Any CPU
		{0FD4BE42-DA2C-4B92-8D16-89BAC0652DA9}.Release|x86.ActiveCfg = Release|Any CPU
		{0FD4BE42-DA2C-4B92-8D16-89BAC0652DA9}.Release|x86.Build.0 = Release|Any CPU
	EndGlobalSection
	GlobalSection(SolutionProperties) = preSolution
		HideSolutionNode = FALSE
	EndGlobalSection
	GlobalSection(ExtensibilityGlobals) = postSolution
		SolutionGuid = {28601BC1-02D4-4AF1-89B0-C2CB0387175C}
	EndGlobalSection
EndGlobal
